
Microsoft Visual Studio Solution File, Format Version 12.00
# Visual Studio 15
VisualStudioVersion = 15.0.28010.2041
MinimumVisualStudioVersion = 10.0.40219.1
Project("{FAE04EC0-301F-11D3-BF4B-00C04F79EFBC}") = "Praxio.CodeGenerator.CleanArchitecture.VSExtension", "src\Praxio.CodeGenerator.CleanArchitecture.VSExtension\Praxio.CodeGenerator.CleanArchitecture.VSExtension.csproj", "{C7950819-4D3A-40FA-8575-346E9682CC84}"
EndProject
Global
	GlobalSection(SolutionConfigurationPlatforms) = preSolution
		Debug|Any CPU = Debug|Any CPU
		Release|Any CPU = Release|Any CPU
	EndGlobalSection
	GlobalSection(ProjectConfigurationPlatforms) = postSolution
		{C7950819-4D3A-40FA-8575-346E9682CC84}.Debug|Any CPU.ActiveCfg = Debug|Any CPU
		{C7950819-4D3A-40FA-8575-346E9682CC84}.Debug|Any CPU.Build.0 = Debug|Any CPU
		{C7950819-4D3A-40FA-8575-346E9682CC84}.Release|Any CPU.ActiveCfg = Release|Any CPU
		{C7950819-4D3A-40FA-8575-346E9682CC84}.Release|Any CPU.Build.0 = Release|Any CPU
	EndGlobalSection
	GlobalSection(SolutionProperties) = preSolution
		HideSolutionNode = FALSE
	EndGlobalSection
	GlobalSection(ExtensibilityGlobals) = postSolution
		SolutionGuid = {B9C171B8-A30E-4B67-863A-69D0B9914B65}
	EndGlobalSection
EndGlobal
